
Microsoft Visual Studio Solution File, Format Version 12.00
# Visual Studio Version 16
VisualStudioVersion = 16.0.30804.86
MinimumVisualStudioVersion = 10.0.40219.1
Project("{FAE04EC0-301F-11D3-BF4B-00C04F79EFBC}") = "HangPlayGround", "HangPlayGround.csproj", "{9B98ED08-97E8-4A73-9CD1-A484740793BB}"
EndProject
Global
	GlobalSection(SolutionConfigurationPlatforms) = preSolution
		Debug|Any CPU = Debug|Any CPU
		Release|Any CPU = Release|Any CPU
	EndGlobalSection
	GlobalSection(ProjectConfigurationPlatforms) = postSolution
		{9B98ED08-97E8-4A73-9CD1-A484740793BB}.Debug|Any CPU.ActiveCfg = Debug|Any CPU
		{9B98ED08-97E8-4A73-9CD1-A484740793BB}.Debug|Any CPU.Build.0 = Debug|Any CPU
		{9B98ED08-97E8-4A73-9CD1-A484740793BB}.Release|Any CPU.ActiveCfg = Release|Any CPU
		{9B98ED08-97E8-4A73-9CD1-A484740793BB}.Release|Any CPU.Build.0 = Release|Any CPU
	EndGlobalSection
	GlobalSection(SolutionProperties) = preSolution
		HideSolutionNode = FALSE
	EndGlobalSection
	GlobalSection(ExtensibilityGlobals) = postSolution
		SolutionGuid = {CA5FC519-9E0D-4E61-BEAC-E0DFF747A04B}
	EndGlobalSection
EndGlobal
